
Microsoft Visual Studio Solution File, Format Version 12.00
# Visual Studio 15
VisualStudioVersion = 15.0.28307.106
MinimumVisualStudioVersion = 10.0.40219.1
Project("{FAE04EC0-301F-11D3-BF4B-00C04F79EFBC}") = "Lab1", "Labs\Lab1.csproj", "{B1C4F2FD-CA0D-4587-95AE-F06E0178BDAE}"
EndProject
Project("{FAE04EC0-301F-11D3-BF4B-00C04F79EFBC}") = "Lab3", "Lab3\Lab3.csproj", "{F4E4963B-F46A-4458-9F97-F28DE92DC9AB}"
EndProject
Global
	GlobalSection(SolutionConfigurationPlatforms) = preSolution
		Debug|Any CPU = Debug|Any CPU
		Release|Any CPU = Release|Any CPU
	EndGlobalSection
	GlobalSection(ProjectConfigurationPlatforms) = postSolution
		{B1C4F2FD-CA0D-4587-95AE-F06E0178BDAE}.Debug|Any CPU.ActiveCfg = Debug|Any CPU
		{B1C4F2FD-CA0D-4587-95AE-F06E0178BDAE}.Debug|Any CPU.Build.0 = Debug|Any CPU
		{B1C4F2FD-CA0D-4587-95AE-F06E0178BDAE}.Release|Any CPU.ActiveCfg = Release|Any CPU
		{B1C4F2FD-CA0D-4587-95AE-F06E0178BDAE}.Release|Any CPU.Build.0 = Release|Any CPU
		{F4E4963B-F46A-4458-9F97-F28DE92DC9AB}.Debug|Any CPU.ActiveCfg = Debug|Any CPU
		{F4E4963B-F46A-4458-9F97-F28DE92DC9AB}.Debug|Any CPU.Build.0 = Debug|Any CPU
		{F4E4963B-F46A-4458-9F97-F28DE92DC9AB}.Release|Any CPU.ActiveCfg = Release|Any CPU
		{F4E4963B-F46A-4458-9F97-F28DE92DC9AB}.Release|Any CPU.Build.0 = Release|Any CPU
	EndGlobalSection
	GlobalSection(SolutionProperties) = preSolution
		HideSolutionNode = FALSE
	EndGlobalSection
	GlobalSection(ExtensibilityGlobals) = postSolution
		SolutionGuid = {6230F498-CD2B-46F5-BF51-D8C65D49E27F}
	EndGlobalSection
EndGlobal
